
Microsoft Visual Studio Solution File, Format Version 12.00
# Visual Studio Version 17
VisualStudioVersion = 17.8.34525.116
MinimumVisualStudioVersion = 10.0.40219.1
Project("{FAE04EC0-301F-11D3-BF4B-00C04F79EFBC}") = "NomeAluno", "NomeAluno\NomeAluno.csproj", "{2E790199-86B4-4981-BE50-7927D9E0F45D}"
EndProject
Global
	GlobalSection(SolutionConfigurationPlatforms) = preSolution
		Debug|Any CPU = Debug|Any CPU
		Release|Any CPU = Release|Any CPU
	EndGlobalSection
	GlobalSection(ProjectConfigurationPlatforms) = postSolution
		{2E790199-86B4-4981-BE50-7927D9E0F45D}.Debug|Any CPU.ActiveCfg = Debug|Any CPU
		{2E790199-86B4-4981-BE50-7927D9E0F45D}.Debug|Any CPU.Build.0 = Debug|Any CPU
		{2E790199-86B4-4981-BE50-7927D9E0F45D}.Release|Any CPU.ActiveCfg = Release|Any CPU
		{2E790199-86B4-4981-BE50-7927D9E0F45D}.Release|Any CPU.Build.0 = Release|Any CPU
	EndGlobalSection
	GlobalSection(SolutionProperties) = preSolution
		HideSolutionNode = FALSE
	EndGlobalSection
	GlobalSection(ExtensibilityGlobals) = postSolution
		SolutionGuid = {BAED2A20-EDFE-4BBD-9CCE-F64B6CCF680C}
	EndGlobalSection
EndGlobal
